
Microsoft Visual Studio Solution File, Format Version 12.00
# Visual Studio Version 17
VisualStudioVersion = 17.5.002.0
MinimumVisualStudioVersion = 10.0.40219.1
Project("{9A19103F-16F7-4668-BE54-9A1E7A4F7556}") = "list", "list.csproj", "{3D93FF92-A754-4AF8-8DE3-32DC92BB9260}"
EndProject
Global
	GlobalSection(SolutionConfigurationPlatforms) = preSolution
		Debug|Any CPU = Debug|Any CPU
		Release|Any CPU = Release|Any CPU
	EndGlobalSection
	GlobalSection(ProjectConfigurationPlatforms) = postSolution
		{3D93FF92-A754-4AF8-8DE3-32DC92BB9260}.Debug|Any CPU.ActiveCfg = Debug|Any CPU
		{3D93FF92-A754-4AF8-8DE3-32DC92BB9260}.Debug|Any CPU.Build.0 = Debug|Any CPU
		{3D93FF92-A754-4AF8-8DE3-32DC92BB9260}.Release|Any CPU.ActiveCfg = Release|Any CPU
		{3D93FF92-A754-4AF8-8DE3-32DC92BB9260}.Release|Any CPU.Build.0 = Release|Any CPU
	EndGlobalSection
	GlobalSection(SolutionProperties) = preSolution
		HideSolutionNode = FALSE
	EndGlobalSection
	GlobalSection(ExtensibilityGlobals) = postSolution
		SolutionGuid = {E5D0B603-C13D-4127-AAE6-B6A3FC7648A4}
	EndGlobalSection
EndGlobal
